{
  "name": "portfolio",
  "lockfileVersion": 3,
  "requires": true,
  "packages": {
    "": {
      "dependencies": {
        "@lottiefiles/dotlottie-web": "^0.71.0"
      }
    },
    "node_modules/@lottiefiles/dotlottie-web": {
      "version": "0.71.0",
      "resolved": "https://registry.npmjs.org/@lottiefiles/dotlottie-web/-/dotlottie-web-0.71.0.tgz",
      "integrity": "sha512-CliQttL0Rk0or/aDQkqUJXnC9Cm5TxzNdOqy/YlzKlU6mu+XgTMwyt5/HpPiltlMeaqBmM9mOzfevpyP4QmudQ==",
      "license": "MIT"
    }
  }
}
